
Microsoft Visual Studio Solution File, Format Version 12.00
# Visual Studio Version 17
VisualStudioVersion = 17.2.32526.322
MinimumVisualStudioVersion = 10.0.40219.1
Project("{FAE04EC0-301F-11D3-BF4B-00C04F79EFBC}") = "Fizz Buzz", "Fizz Buzz\Fizz Buzz.csproj", "{86D4BA45-49F5-41D0-AB04-44F644D5D641}"
EndProject
Global
	GlobalSection(SolutionConfigurationPlatforms) = preSolution
		Debug|Any CPU = Debug|Any CPU
		Release|Any CPU = Release|Any CPU
	EndGlobalSection
	GlobalSection(ProjectConfigurationPlatforms) = postSolution
		{86D4BA45-49F5-41D0-AB04-44F644D5D641}.Debug|Any CPU.ActiveCfg = Debug|Any CPU
		{86D4BA45-49F5-41D0-AB04-44F644D5D641}.Debug|Any CPU.Build.0 = Debug|Any CPU
		{86D4BA45-49F5-41D0-AB04-44F644D5D641}.Release|Any CPU.ActiveCfg = Release|Any CPU
		{86D4BA45-49F5-41D0-AB04-44F644D5D641}.Release|Any CPU.Build.0 = Release|Any CPU
	EndGlobalSection
	GlobalSection(SolutionProperties) = preSolution
		HideSolutionNode = FALSE
	EndGlobalSection
	GlobalSection(ExtensibilityGlobals) = postSolution
		SolutionGuid = {4D3D46DF-8B5F-4131-B275-40487AABE0B8}
	EndGlobalSection
EndGlobal
